
Microsoft Visual Studio Solution File, Format Version 12.00
# Visual Studio Version 16
VisualStudioVersion = 16.0.30114.105
MinimumVisualStudioVersion = 10.0.40219.1
Project("{FAE04EC0-301F-11D3-BF4B-00C04F79EFBC}") = "WereMobileServices", "WereMobileServices\WereMobileServices.csproj", "{C261757D-7EB7-456F-8075-5579DB0B2DA5}"
EndProject
Global
	GlobalSection(SolutionConfigurationPlatforms) = preSolution
		Debug|Any CPU = Debug|Any CPU
		Release|Any CPU = Release|Any CPU
	EndGlobalSection
	GlobalSection(ProjectConfigurationPlatforms) = postSolution
		{C261757D-7EB7-456F-8075-5579DB0B2DA5}.Debug|Any CPU.ActiveCfg = Debug|Any CPU
		{C261757D-7EB7-456F-8075-5579DB0B2DA5}.Debug|Any CPU.Build.0 = Debug|Any CPU
		{C261757D-7EB7-456F-8075-5579DB0B2DA5}.Release|Any CPU.ActiveCfg = Release|Any CPU
		{C261757D-7EB7-456F-8075-5579DB0B2DA5}.Release|Any CPU.Build.0 = Release|Any CPU
	EndGlobalSection
	GlobalSection(SolutionProperties) = preSolution
		HideSolutionNode = FALSE
	EndGlobalSection
	GlobalSection(ExtensibilityGlobals) = postSolution
		SolutionGuid = {10851176-0C5B-4533-A664-384A8B7B2CF4}
	EndGlobalSection
EndGlobal
